
Microsoft Visual Studio Solution File, Format Version 12.00
# Visual Studio Version 16
VisualStudioVersion = 16.0.30011.22
MinimumVisualStudioVersion = 10.0.40219.1
Project("{FAE04EC0-301F-11D3-BF4B-00C04F79EFBC}") = "Sol_Demo", "Sol_Demo\Sol_Demo.csproj", "{DCB36AD3-136D-4933-8C82-47524B65D892}"
EndProject
Global
	GlobalSection(SolutionConfigurationPlatforms) = preSolution
		Debug|Any CPU = Debug|Any CPU
		Release|Any CPU = Release|Any CPU
	EndGlobalSection
	GlobalSection(ProjectConfigurationPlatforms) = postSolution
		{DCB36AD3-136D-4933-8C82-47524B65D892}.Debug|Any CPU.ActiveCfg = Debug|Any CPU
		{DCB36AD3-136D-4933-8C82-47524B65D892}.Debug|Any CPU.Build.0 = Debug|Any CPU
		{DCB36AD3-136D-4933-8C82-47524B65D892}.Release|Any CPU.ActiveCfg = Release|Any CPU
		{DCB36AD3-136D-4933-8C82-47524B65D892}.Release|Any CPU.Build.0 = Release|Any CPU
	EndGlobalSection
	GlobalSection(SolutionProperties) = preSolution
		HideSolutionNode = FALSE
	EndGlobalSection
	GlobalSection(ExtensibilityGlobals) = postSolution
		SolutionGuid = {2E8B8BCC-8F01-4F61-9102-D5E438A28AA2}
	EndGlobalSection
EndGlobal
